
Microsoft Visual Studio Solution File, Format Version 12.00
# Visual Studio 15
VisualStudioVersion = 15.0.28307.572
MinimumVisualStudioVersion = 10.0.40219.1
Project("{FAE04EC0-301F-11D3-BF4B-00C04F79EFBC}") = "POSTerminal", "POSTerminal\POSTerminal.csproj", "{B8395595-3939-4BAE-BC3A-21F938349D8D}"
EndProject
Global
	GlobalSection(SolutionConfigurationPlatforms) = preSolution
		Debug|Any CPU = Debug|Any CPU
		Release|Any CPU = Release|Any CPU
	EndGlobalSection
	GlobalSection(ProjectConfigurationPlatforms) = postSolution
		{B8395595-3939-4BAE-BC3A-21F938349D8D}.Debug|Any CPU.ActiveCfg = Debug|Any CPU
		{B8395595-3939-4BAE-BC3A-21F938349D8D}.Debug|Any CPU.Build.0 = Debug|Any CPU
		{B8395595-3939-4BAE-BC3A-21F938349D8D}.Release|Any CPU.ActiveCfg = Release|Any CPU
		{B8395595-3939-4BAE-BC3A-21F938349D8D}.Release|Any CPU.Build.0 = Release|Any CPU
	EndGlobalSection
	GlobalSection(SolutionProperties) = preSolution
		HideSolutionNode = FALSE
	EndGlobalSection
	GlobalSection(ExtensibilityGlobals) = postSolution
		SolutionGuid = {B3657D97-F333-4DC5-956B-93FDE4AADD42}
	EndGlobalSection
EndGlobal
